{
  "name": "global-node",
  "version": "1.0.0",
  "lockfileVersion": 3,
  "requires": true,
  "packages": {
    "": {
      "name": "global-node",
      "version": "1.0.0",
      "license": "ISC",
      "dependencies": {
        "global-node": "file:global-node-1.0.0.tgz"
      },
      "bin": {
        "pattern-rename": "pattern-rename/cli.js"
      }
    },
    "node_modules/global-node": {
      "version": "1.0.0",
      "resolved": "file:global-node-1.0.0.tgz",
      "integrity": "sha512-rxGPWkGi41d18eFnJH0gM6uCDjLPE1S1JLYwUZjT30LGpaUljH//wA3UBcdkTrgxrA7Ef1jq0kV2+b3fxMWb/w==",
      "license": "ISC",
      "dependencies": {
        "global-node": "file:global-node-1.0.0.tgz"
      },
      "bin": {
        "pattern-rename": "pattern-rename/cli.js"
      }
    }
  }
}
